
Microsoft Visual Studio Solution File, Format Version 12.00
# Visual Studio Version 16
VisualStudioVersion = 16.0.30621.155
MinimumVisualStudioVersion = 10.0.40219.1
Project("{FAE04EC0-301F-11D3-BF4B-00C04F79EFBC}") = "Idyllic.Common", "IdyllicWeb.Common\Idyllic.Common.csproj", "{9110AB4E-9E88-4CE6-9606-612DA68081A3}"
EndProject
Project("{FAE04EC0-301F-11D3-BF4B-00C04F79EFBC}") = "IdyllicWeb", "IdyllicWeb\IdyllicWeb.csproj", "{348CBC8B-30CC-4475-81AD-F5706E1B1982}"
EndProject
Global
	GlobalSection(SolutionConfigurationPlatforms) = preSolution
		Debug|Any CPU = Debug|Any CPU
		Release|Any CPU = Release|Any CPU
	EndGlobalSection
	GlobalSection(ProjectConfigurationPlatforms) = postSolution
		{9110AB4E-9E88-4CE6-9606-612DA68081A3}.Debug|Any CPU.ActiveCfg = Debug|Any CPU
		{9110AB4E-9E88-4CE6-9606-612DA68081A3}.Debug|Any CPU.Build.0 = Debug|Any CPU
		{9110AB4E-9E88-4CE6-9606-612DA68081A3}.Release|Any CPU.ActiveCfg = Release|Any CPU
		{9110AB4E-9E88-4CE6-9606-612DA68081A3}.Release|Any CPU.Build.0 = Release|Any CPU
		{348CBC8B-30CC-4475-81AD-F5706E1B1982}.Debug|Any CPU.ActiveCfg = Debug|Any CPU
		{348CBC8B-30CC-4475-81AD-F5706E1B1982}.Debug|Any CPU.Build.0 = Debug|Any CPU
		{348CBC8B-30CC-4475-81AD-F5706E1B1982}.Release|Any CPU.ActiveCfg = Release|Any CPU
		{348CBC8B-30CC-4475-81AD-F5706E1B1982}.Release|Any CPU.Build.0 = Release|Any CPU
	EndGlobalSection
	GlobalSection(SolutionProperties) = preSolution
		HideSolutionNode = FALSE
	EndGlobalSection
	GlobalSection(ExtensibilityGlobals) = postSolution
		SolutionGuid = {DDBEA60B-FAB3-46DC-BC13-559560263259}
	EndGlobalSection
EndGlobal
